// !$*UTF8*$!
{
	archiveVersion = 1;
	classes = {
	};
	objectVersion = 46;
	objects = {

/* Begin PBXBuildFile section */
		F350C44C1D2F518F00667C21 /* Myanmar MN.ttc in Resources */ = {isa = PBXBuildFile; fileRef = F350C44B1D2F518F00667C21 /* Myanmar MN.ttc */; };
		F350C44E1D2F51C800667C21 /* zawgyi.ttf in Resources */ = {isa = PBXBuildFile; fileRef = F350C44D1D2F51C800667C21 /* zawgyi.ttf */; };
		F350C4531D2F53E800667C21 /* FontTableViewController.swift in Sources */ = {isa = PBXBuildFile; fileRef = F350C4521D2F53E800667C21 /* FontTableViewController.swift */; };
		F350C4541D2F5C6A00667C21 /* myanmar3.ttf in Resources */ = {isa = PBXBuildFile; fileRef = F350C4501D2F522500667C21 /* myanmar3.ttf */; };
		F350C4551D2F5C6E00667C21 /* myanmar2.ttf in Resources */ = {isa = PBXBuildFile; fileRef = F350C44F1D2F521500667C21 /* myanmar2.ttf */; };
		F350C4581D2F5F1800667C21 /* zawgyicode-text.txt in Resources */ = {isa = PBXBuildFile; fileRef = F350C4571D2F5F1800667C21 /* zawgyicode-text.txt */; };
		F350C45A1D2F620300667C21 /* TextDisplayViewController.swift in Sources */ = {isa = PBXBuildFile; fileRef = F350C4591D2F620300667C21 /* TextDisplayViewController.swift */; };
		F350C45C1D33802B00667C21 /* AlphabetCollectionViewController.swift in Sources */ = {isa = PBXBuildFile; fileRef = F350C45B1D33802B00667C21 /* AlphabetCollectionViewController.swift */; };
		F350C45E1D33873B00667C21 /* AlphabetCell.swift in Sources */ = {isa = PBXBuildFile; fileRef = F350C45D1D33873B00667C21 /* AlphabetCell.swift */; };
		F350C4601D33AE4D00667C21 /* ContentEncoding.swift in Sources */ = {isa = PBXBuildFile; fileRef = F350C45F1D33AE4D00667C21 /* ContentEncoding.swift */; };
		F350C4621D33AF7300667C21 /* unicode-text.txt in Resources */ = {isa = PBXBuildFile; fileRef = F350C4611D33AF7300667C21 /* unicode-text.txt */; };
		F3753CBA1D506490008035ED /* TextCacheManager.swift in Sources */ = {isa = PBXBuildFile; fileRef = F3753CB91D506490008035ED /* TextCacheManager.swift */; };
		F3AA86221D2652EB008B5DA7 /* AppDelegate.swift in Sources */ = {isa = PBXBuildFile; fileRef = F3AA86211D2652EB008B5DA7 /* AppDelegate.swift */; };
		F3AA86241D2652EB008B5DA7 /* WebViewController.swift in Sources */ = {isa = PBXBuildFile; fileRef = F3AA86231D2652EB008B5DA7 /* WebViewController.swift */; };
		F3AA86271D2652EB008B5DA7 /* Main.storyboard in Resources */ = {isa = PBXBuildFile; fileRef = F3AA86251D2652EB008B5DA7 /* Main.storyboard */; };
		F3AA86291D2652EB008B5DA7 /* Assets.xcassets in Resources */ = {isa = PBXBuildFile; fileRef = F3AA86281D2652EB008B5DA7 /* Assets.xcassets */; };
		F3AA862C1D2652EB008B5DA7 /* LaunchScreen.storyboard in Resources */ = {isa = PBXBuildFile; fileRef = F3AA862A1D2652EB008B5DA7 /* LaunchScreen.storyboard */; };
		F3AA86341D2653B9008B5DA7 /* WebKit.framework in Frameworks */ = {isa = PBXBuildFile; fileRef = F3AA86331D2653B9008B5DA7 /* WebKit.framework */; };
/* End PBXBuildFile section */

/* Begin PBXFileReference section */
		F350C44B1D2F518F00667C21 /* Myanmar MN.ttc */ = {isa = PBXFileReference; lastKnownFileType = file; name = "Myanmar MN.ttc"; path = "/Library/Fonts/Myanmar MN.ttc"; sourceTree = "<absolute>"; };
		F350C44D1D2F51C800667C21 /* zawgyi.ttf */ = {isa = PBXFileReference; lastKnownFileType = file; path = zawgyi.ttf; sourceTree = "<group>"; };
		F350C44F1D2F521500667C21 /* myanmar2.ttf */ = {isa = PBXFileReference; lastKnownFileType = file; path = myanmar2.ttf; sourceTree = "<group>"; };
		F350C4501D2F522500667C21 /* myanmar3.ttf */ = {isa = PBXFileReference; lastKnownFileType = file; path = myanmar3.ttf; sourceTree = "<group>"; };
		F350C4521D2F53E800667C21 /* FontTableViewController.swift */ = {isa = PBXFileReference; fileEncoding = 4; lastKnownFileType = sourcecode.swift; path = FontTableViewController.swift; sourceTree = "<group>"; };
		F350C4571D2F5F1800667C21 /* zawgyicode-text.txt */ = {isa = PBXFileReference; fileEncoding = 4; lastKnownFileType = text; path = "zawgyicode-text.txt"; sourceTree = "<group>"; };
		F350C4591D2F620300667C21 /* TextDisplayViewController.swift */ = {isa = PBXFileReference; fileEncoding = 4; lastKnownFileType = sourcecode.swift; path = TextDisplayViewController.swift; sourceTree = "<group>"; };
		F350C45B1D33802B00667C21 /* AlphabetCollectionViewController.swift */ = {isa = PBXFileReference; fileEncoding = 4; lastKnownFileType = sourcecode.swift; path = AlphabetCollectionViewController.swift; sourceTree = "<group>"; };
		F350C45D1D33873B00667C21 /* AlphabetCell.swift */ = {isa = PBXFileReference; fileEncoding = 4; lastKnownFileType = sourcecode.swift; path = AlphabetCell.swift; sourceTree = "<group>"; };
		F350C45F1D33AE4D00667C21 /* ContentEncoding.swift */ = {isa = PBXFileReference; fileEncoding = 4; lastKnownFileType = sourcecode.swift; path = ContentEncoding.swift; sourceTree = "<group>"; };
		F350C4611D33AF7300667C21 /* unicode-text.txt */ = {isa = PBXFileReference; fileEncoding = 4; lastKnownFileType = text; path = "unicode-text.txt"; sourceTree = "<group>"; };
		F3753CB91D506490008035ED /* TextCacheManager.swift */ = {isa = PBXFileReference; fileEncoding = 4; lastKnownFileType = sourcecode.swift; path = TextCacheManager.swift; sourceTree = "<group>"; };
		F3AA861E1D2652EB008B5DA7 /* webby.app */ = {isa = PBXFileReference; explicitFileType = wrapper.application; includeInIndex = 0; path = webby.app; sourceTree = BUILT_PRODUCTS_DIR; };
		F3AA86211D2652EB008B5DA7 /* AppDelegate.swift */ = {isa = PBXFileReference; lastKnownFileType = sourcecode.swift; path = AppDelegate.swift; sourceTree = "<group>"; };
		F3AA86231D2652EB008B5DA7 /* WebViewController.swift */ = {isa = PBXFileReference; lastKnownFileType = sourcecode.swift; path = WebViewController.swift; sourceTree = "<group>"; };
		F3AA86261D2652EB008B5DA7 /* Base */ = {isa = PBXFileReference; lastKnownFileType = file.storyboard; name = Base; path = Base.lproj/Main.storyboard; sourceTree = "<group>"; };
		F3AA86281D2652EB008B5DA7 /* Assets.xcassets */ = {isa = PBXFileReference; lastKnownFileType = folder.assetcatalog; path = Assets.xcassets; sourceTree = "<group>"; };
		F3AA862B1D2652EB008B5DA7 /* Base */ = {isa = PBXFileReference; lastKnownFileType = file.storyboard; name = Base; path = Base.lproj/LaunchScreen.storyboard; sourceTree = "<group>"; };
		F3AA862D1D2652EB008B5DA7 /* Info.plist */ = {isa = PBXFileReference; lastKnownFileType = text.plist.xml; path = Info.plist; sourceTree = "<group>"; };
		F3AA86331D2653B9008B5DA7 /* WebKit.framework */ = {isa = PBXFileReference; lastKnownFileType = wrapper.framework; name = WebKit.framework; path = System/Library/Frameworks/WebKit.framework; sourceTree = SDKROOT; };
/* End PBXFileReference section */

/* Begin PBXFrameworksBuildPhase section */
		F3AA861B1D2652EB008B5DA7 /* Frameworks */ = {
			isa = PBXFrameworksBuildPhase;
			buildActionMask = 2147483647;
			files = (
				F3AA86341D2653B9008B5DA7 /* WebKit.framework in Frameworks */,
			);
			runOnlyForDeploymentPostprocessing = 0;
		};
/* End PBXFrameworksBuildPhase section */

/* Begin PBXGroup section */
		F350C4511D2F527500667C21 /* mm-fonts */ = {
			isa = PBXGroup;
			children = (
				F350C4501D2F522500667C21 /* myanmar3.ttf */,
				F350C44D1D2F51C800667C21 /* zawgyi.ttf */,
				F350C44F1D2F521500667C21 /* myanmar2.ttf */,
				F350C44B1D2F518F00667C21 /* Myanmar MN.ttc */,
			);
			name = "mm-fonts";
			sourceTree = "<group>";
		};
		F350C4561D2F5ED900667C21 /* resources */ = {
			isa = PBXGroup;
			children = (
				F350C4511D2F527500667C21 /* mm-fonts */,
				F350C4571D2F5F1800667C21 /* zawgyicode-text.txt */,
				F350C4611D33AF7300667C21 /* unicode-text.txt */,
			);
			name = resources;
			sourceTree = "<group>";
		};
		F3AA86151D2652EB008B5DA7 = {
			isa = PBXGroup;
			children = (
				F3AA86201D2652EB008B5DA7 /* webby */,
				F3AA861F1D2652EB008B5DA7 /* Products */,
				F3AA86331D2653B9008B5DA7 /* WebKit.framework */,
			);
			sourceTree = "<group>";
		};
		F3AA861F1D2652EB008B5DA7 /* Products */ = {
			isa = PBXGroup;
			children = (
				F3AA861E1D2652EB008B5DA7 /* webby.app */,
			);
			name = Products;
			sourceTree = "<group>";
		};
		F3AA86201D2652EB008B5DA7 /* webby */ = {
			isa = PBXGroup;
			children = (
				F350C4561D2F5ED900667C21 /* resources */,
				F3AA86211D2652EB008B5DA7 /* AppDelegate.swift */,
				F3AA86231D2652EB008B5DA7 /* WebViewController.swift */,
				F350C45F1D33AE4D00667C21 /* ContentEncoding.swift */,
				F350C4521D2F53E800667C21 /* FontTableViewController.swift */,
				F350C4591D2F620300667C21 /* TextDisplayViewController.swift */,
				F3753CB91D506490008035ED /* TextCacheManager.swift */,
				F350C45B1D33802B00667C21 /* AlphabetCollectionViewController.swift */,
				F350C45D1D33873B00667C21 /* AlphabetCell.swift */,
				F3AA86251D2652EB008B5DA7 /* Main.storyboard */,
				F3AA86281D2652EB008B5DA7 /* Assets.xcassets */,
				F3AA862A1D2652EB008B5DA7 /* LaunchScreen.storyboard */,
				F3AA862D1D2652EB008B5DA7 /* Info.plist */,
			);
			path = webby;
			sourceTree = "<group>";
		};
/* End PBXGroup section */

/* Begin PBXNativeTarget section */
		F3AA861D1D2652EB008B5DA7 /* webby */ = {
			isa = PBXNativeTarget;
			buildConfigurationList = F3AA86301D2652EB008B5DA7 /* Build configuration list for PBXNativeTarget "webby" */;
			buildPhases = (
				F3AA861A1D2652EB008B5DA7 /* Sources */,
				F3AA861B1D2652EB008B5DA7 /* Frameworks */,
				F3AA861C1D2652EB008B5DA7 /* Resources */,
			);
			buildRules = (
			);
			dependencies = (
			);
			name = webby;
			productName = webby;
			productReference = F3AA861E1D2652EB008B5DA7 /* webby.app */;
			productType = "com.apple.product-type.application";
		};
/* End PBXNativeTarget section */

/* Begin PBXProject section */
		F3AA86161D2652EB008B5DA7 /* Project object */ = {
			isa = PBXProject;
			attributes = {
				LastSwiftUpdateCheck = 0730;
				LastUpgradeCheck = 0730;
				ORGANIZATIONNAME = norsez;
				TargetAttributes = {
					F3AA861D1D2652EB008B5DA7 = {
						CreatedOnToolsVersion = 7.3.1;
					};
				};
			};
			buildConfigurationList = F3AA86191D2652EB008B5DA7 /* Build configuration list for PBXProject "webby" */;
			compatibilityVersion = "Xcode 3.2";
			developmentRegion = English;
			hasScannedForEncodings = 0;
			knownRegions = (
				en,
				Base,
			);
			mainGroup = F3AA86151D2652EB008B5DA7;
			productRefGroup = F3AA861F1D2652EB008B5DA7 /* Products */;
			projectDirPath = "";
			projectRoot = "";
			targets = (
				F3AA861D1D2652EB008B5DA7 /* webby */,
			);
		};
/* End PBXProject section */

/* Begin PBXResourcesBuildPhase section */
		F3AA861C1D2652EB008B5DA7 /* Resources */ = {
			isa = PBXResourcesBuildPhase;
			buildActionMask = 2147483647;
			files = (
				F350C44E1D2F51C800667C21 /* zawgyi.ttf in Resources */,
				F3AA862C1D2652EB008B5DA7 /* LaunchScreen.storyboard in Resources */,
				F350C4621D33AF7300667C21 /* unicode-text.txt in Resources */,
				F350C4541D2F5C6A00667C21 /* myanmar3.ttf in Resources */,
				F350C4551D2F5C6E00667C21 /* myanmar2.ttf in Resources */,
				F3AA86291D2652EB008B5DA7 /* Assets.xcassets in Resources */,
				F3AA86271D2652EB008B5DA7 /* Main.storyboard in Resources */,
				F350C44C1D2F518F00667C21 /* Myanmar MN.ttc in Resources */,
				F350C4581D2F5F1800667C21 /* zawgyicode-text.txt in Resources */,
			);
			runOnlyForDeploymentPostprocessing = 0;
		};
/* End PBXResourcesBuildPhase section */

/* Begin PBXSourcesBuildPhase section */
		F3AA861A1D2652EB008B5DA7 /* Sources */ = {
			isa = PBXSourcesBuildPhase;
			buildActionMask = 2147483647;
			files = (
				F350C4601D33AE4D00667C21 /* ContentEncoding.swift in Sources */,
				F350C45A1D2F620300667C21 /* TextDisplayViewController.swift in Sources */,
				F350C4531D2F53E800667C21 /* FontTableViewController.swift in Sources */,
				F350C45C1D33802B00667C21 /* AlphabetCollectionViewController.swift in Sources */,
				F3AA86241D2652EB008B5DA7 /* WebViewController.swift in Sources */,
				F3753CBA1D506490008035ED /* TextCacheManager.swift in Sources */,
				F350C45E1D33873B00667C21 /* AlphabetCell.swift in Sources */,
				F3AA86221D2652EB008B5DA7 /* AppDelegate.swift in Sources */,
			);
			runOnlyForDeploymentPostprocessing = 0;
		};
/* End PBXSourcesBuildPhase section */

/* Begin PBXVariantGroup section */
		F3AA86251D2652EB008B5DA7 /* Main.storyboard */ = {
			isa = PBXVariantGroup;
			children = (
				F3AA86261D2652EB008B5DA7 /* Base */,
			);
			name = Main.storyboard;
			sourceTree = "<group>";
		};
		F3AA862A1D2652EB008B5DA7 /* LaunchScreen.storyboard */ = {
			isa = PBXVariantGroup;
			children = (
				F3AA862B1D2652EB008B5DA7 /* Base */,
			);
			name = LaunchScreen.storyboard;
			sourceTree = "<group>";
		};
/* End PBXVariantGroup section */

/* Begin XCBuildConfiguration section */
		F3AA862E1D2652EB008B5DA7 /* Debug */ = {
			isa = XCBuildConfiguration;
			buildSettings = {
				ALWAYS_SEARCH_USER_PATHS = NO;
				CLANG_ANALYZER_NONNULL = YES;
				CLANG_CXX_LANGUAGE_STANDARD = "gnu++0x";
				CLANG_CXX_LIBRARY = "libc++";
				CLANG_ENABLE_MODULES = YES;
				CLANG_ENABLE_OBJC_ARC = YES;
				CLANG_WARN_BOOL_CONVERSION = YES;
				CLANG_WARN_CONSTANT_CONVERSION = YES;
				CLANG_WARN_DIRECT_OBJC_ISA_USAGE = YES_ERROR;
				CLANG_WARN_EMPTY_BODY = YES;
				CLANG_WARN_ENUM_CONVERSION = YES;
				CLANG_WARN_INT_CONVERSION = YES;
				CLANG_WARN_OBJC_ROOT_CLASS = YES_ERROR;
				CLANG_WARN_UNREACHABLE_CODE = YES;
				CLANG_WARN__DUPLICATE_METHOD_MATCH = YES;
				"CODE_SIGN_IDENTITY[sdk=iphoneos*]" = "iPhone Developer";
				COPY_PHASE_STRIP = NO;
				DEBUG_INFORMATION_FORMAT = dwarf;
				ENABLE_STRICT_OBJC_MSGSEND = YES;
				ENABLE_TESTABILITY = YES;
				GCC_C_LANGUAGE_STANDARD = gnu99;
				GCC_DYNAMIC_NO_PIC = NO;
				GCC_NO_COMMON_BLOCKS = YES;
				GCC_OPTIMIZATION_LEVEL = 0;
				GCC_PREPROCESSOR_DEFINITIONS = (
					"DEBUG=1",
					"$(inherited)",
				);
				GCC_WARN_64_TO_32_BIT_CONVERSION = YES;
				GCC_WARN_ABOUT_RETURN_TYPE = YES_ERROR;
				GCC_WARN_UNDECLARED_SELECTOR = YES;
				GCC_WARN_UNINITIALIZED_AUTOS = YES_AGGRESSIVE;
				GCC_WARN_UNUSED_FUNCTION = YES;
				GCC_WARN_UNUSED_VARIABLE = YES;
				IPHONEOS_DEPLOYMENT_TARGET = 9.3;
				MTL_ENABLE_DEBUG_INFO = YES;
				ONLY_ACTIVE_ARCH = YES;
				SDKROOT = iphoneos;
				SWIFT_OPTIMIZATION_LEVEL = "-Onone";
			};
			name = Debug;
		};
		F3AA862F1D2652EB008B5DA7 /* Release */ = {
			isa = XCBuildConfiguration;
			buildSettings = {
				ALWAYS_SEARCH_USER_PATHS = NO;
				CLANG_ANALYZER_NONNULL = YES;
				CLANG_CXX_LANGUAGE_STANDARD = "gnu++0x";
				CLANG_CXX_LIBRARY = "libc++";
				CLANG_ENABLE_MODULES = YES;
				CLANG_ENABLE_OBJC_ARC = YES;
				CLANG_WARN_BOOL_CONVERSION = YES;
				CLANG_WARN_CONSTANT_CONVERSION = YES;
				CLANG_WARN_DIRECT_OBJC_ISA_USAGE = YES_ERROR;
				CLANG_WARN_EMPTY_BODY = YES;
				CLANG_WARN_ENUM_CONVERSION = YES;
				CLANG_WARN_INT_CONVERSION = YES;
				CLANG_WARN_OBJC_ROOT_CLASS = YES_ERROR;
				CLANG_WARN_UNREACHABLE_CODE = YES;
				CLANG_WARN__DUPLICATE_METHOD_MATCH = YES;
				"CODE_SIGN_IDENTITY[sdk=iphoneos*]" = "iPhone Developer";
				COPY_PHASE_STRIP = NO;
				DEBUG_INFORMATION_FORMAT = "dwarf-with-dsym";
				ENABLE_NS_ASSERTIONS = NO;
				ENABLE_STRICT_OBJC_MSGSEND = YES;
				GCC_C_LANGUAGE_STANDARD = gnu99;
				GCC_NO_COMMON_BLOCKS = YES;
				GCC_WARN_64_TO_32_BIT_CONVERSION = YES;
				GCC_WARN_ABOUT_RETURN_TYPE = YES_ERROR;
				GCC_WARN_UNDECLARED_SELECTOR = YES;
				GCC_WARN_UNINITIALIZED_AUTOS = YES_AGGRESSIVE;
				GCC_WARN_UNUSED_FUNCTION = YES;
				GCC_WARN_UNUSED_VARIABLE = YES;
				IPHONEOS_DEPLOYMENT_TARGET = 9.3;
				MTL_ENABLE_DEBUG_INFO = NO;
				SDKROOT = iphoneos;
				VALIDATE_PRODUCT = YES;
			};
			name = Release;
		};
		F3AA86311D2652EB008B5DA7 /* Debug */ = {
			isa = XCBuildConfiguration;
			buildSettings = {
				ASSETCATALOG_COMPILER_APPICON_NAME = AppIcon;
				INFOPLIST_FILE = webby/Info.plist;
				LD_RUNPATH_SEARCH_PATHS = "$(inherited) @executable_path/Frameworks";
				PRODUCT_BUNDLE_IDENTIFIER = th.co.bluedot.webby;
				PRODUCT_NAME = "$(TARGET_NAME)";
			};
			name = Debug;
		};
		F3AA86321D2652EB008B5DA7 /* Release */ = {
			isa = XCBuildConfiguration;
			buildSettings = {
				ASSETCATALOG_COMPILER_APPICON_NAME = AppIcon;
				INFOPLIST_FILE = webby/Info.plist;
				LD_RUNPATH_SEARCH_PATHS = "$(inherited) @executable_path/Frameworks";
				PRODUCT_BUNDLE_IDENTIFIER = th.co.bluedot.webby;
				PRODUCT_NAME = "$(TARGET_NAME)";
			};
			name = Release;
		};
/* End XCBuildConfiguration section */

/* Begin XCConfigurationList section */
		F3AA86191D2652EB008B5DA7 /* Build configuration list for PBXProject "webby" */ = {
			isa = XCConfigurationList;
			buildConfigurations = (
				F3AA862E1D2652EB008B5DA7 /* Debug */,
				F3AA862F1D2652EB008B5DA7 /* Release */,
			);
			defaultConfigurationIsVisible = 0;
			defaultConfigurationName = Release;
		};
		F3AA86301D2652EB008B5DA7 /* Build configuration list for PBXNativeTarget "webby" */ = {
			isa = XCConfigurationList;
			buildConfigurations = (
				F3AA86311D2652EB008B5DA7 /* Debug */,
				F3AA86321D2652EB008B5DA7 /* Release */,
			);
			defaultConfigurationIsVisible = 0;
			defaultConfigurationName = Release;
		};
/* End XCConfigurationList section */
	};
	rootObject = F3AA86161D2652EB008B5DA7 /* Project object */;
}
